
Microsoft Visual Studio Solution File, Format Version 12.00
Project("{FAE04EC0-301F-11D3-BF4B-00C04F79EFBC}") = "Domain", "BackEnd\Domain\Domain.csproj", "{EF8642D7-898D-4AEC-AACA-4E768205275C}"
EndProject
Project("{FAE04EC0-301F-11D3-BF4B-00C04F79EFBC}") = "Domain.UnitTests", "BackEnd\Domain.UnitTests\Domain.UnitTests.csproj", "{44408E66-9177-4748-B83A-B01F3C8DCF13}"
EndProject
Project("{FAE04EC0-301F-11D3-BF4B-00C04F79EFBC}") = "Application", "BackEnd\Application\Application.csproj", "{7E72AE1F-9075-4207-BE63-2E4C4A7D200E}"
EndProject
Project("{FAE04EC0-301F-11D3-BF4B-00C04F79EFBC}") = "Application.UnitTests", "BackEnd\Application.UnitTests\Application.UnitTests.csproj", "{120DC994-2F65-463C-9F16-F5223228C55C}"
EndProject
Global
	GlobalSection(SolutionConfigurationPlatforms) = preSolution
		Debug|Any CPU = Debug|Any CPU
		Release|Any CPU = Release|Any CPU
	EndGlobalSection
	GlobalSection(ProjectConfigurationPlatforms) = postSolution
		{EF8642D7-898D-4AEC-AACA-4E768205275C}.Debug|Any CPU.ActiveCfg = Debug|Any CPU
		{EF8642D7-898D-4AEC-AACA-4E768205275C}.Debug|Any CPU.Build.0 = Debug|Any CPU
		{EF8642D7-898D-4AEC-AACA-4E768205275C}.Release|Any CPU.ActiveCfg = Release|Any CPU
		{EF8642D7-898D-4AEC-AACA-4E768205275C}.Release|Any CPU.Build.0 = Release|Any CPU
		{44408E66-9177-4748-B83A-B01F3C8DCF13}.Debug|Any CPU.ActiveCfg = Debug|Any CPU
		{44408E66-9177-4748-B83A-B01F3C8DCF13}.Debug|Any CPU.Build.0 = Debug|Any CPU
		{44408E66-9177-4748-B83A-B01F3C8DCF13}.Release|Any CPU.ActiveCfg = Release|Any CPU
		{44408E66-9177-4748-B83A-B01F3C8DCF13}.Release|Any CPU.Build.0 = Release|Any CPU
		{7E72AE1F-9075-4207-BE63-2E4C4A7D200E}.Debug|Any CPU.ActiveCfg = Debug|Any CPU
		{7E72AE1F-9075-4207-BE63-2E4C4A7D200E}.Debug|Any CPU.Build.0 = Debug|Any CPU
		{7E72AE1F-9075-4207-BE63-2E4C4A7D200E}.Release|Any CPU.ActiveCfg = Release|Any CPU
		{7E72AE1F-9075-4207-BE63-2E4C4A7D200E}.Release|Any CPU.Build.0 = Release|Any CPU
		{120DC994-2F65-463C-9F16-F5223228C55C}.Debug|Any CPU.ActiveCfg = Debug|Any CPU
		{120DC994-2F65-463C-9F16-F5223228C55C}.Debug|Any CPU.Build.0 = Debug|Any CPU
		{120DC994-2F65-463C-9F16-F5223228C55C}.Release|Any CPU.ActiveCfg = Release|Any CPU
		{120DC994-2F65-463C-9F16-F5223228C55C}.Release|Any CPU.Build.0 = Release|Any CPU
	EndGlobalSection
EndGlobal
